lockfileVersion: '9.0'

settings:
  autoInstallPeers: true
  excludeLinksFromLockfile: false

importers:

  .:
    dependencies:
      '@types/markdown-it':
        specifier: ^12.2.3
        version: 12.2.3
    devDependencies:
      zenn-cli:
        specifier: ^0.1.159
        version: 0.1.159

packages:

  '@types/linkify-it@3.0.2':
    resolution: {integrity: sha512-HZQYqbiFVWufzCwexrvh694SOim8z2d+xJl5UNamcvQFejLY/2YUtzXHYi3cHdI7PMlS8ejH2slRAOJQ32aNbA==}

  '@types/markdown-it@12.2.3':
    resolution: {integrity: sha512-GKMHFfv3458yYy+v/N8gjufHO6MSZKCOXpZc5GXIWWy8uldwfmPn98vp81gZ5f9SVw8YYBctgfJ22a2d7AOMeQ==}

  '@types/mdurl@1.0.2':
    resolution: {integrity: sha512-eC4U9MlIcu2q0KQmXszyn5Akca/0jrQmwDRgpAMJai7qBWq4amIQhZyNau4VYGtCeALvW1/NtjzJJ567aZxfKA==}

  zenn-cli@0.1.159:
    resolution: {integrity: sha512-a4/Lkg3DnxWlYh2Z0abuvvmpQc0BnfTQrVyNQxYm+IOrwGJepZabwWTT0Q3eZ3r7hAV/xd8MZsmZL3y3pzMpAA==}
    engines: {node: '>=14.0.0'}
    hasBin: true

snapshots:

  '@types/linkify-it@3.0.2': {}

  '@types/markdown-it@12.2.3':
    dependencies:
      '@types/linkify-it': 3.0.2
      '@types/mdurl': 1.0.2

  '@types/mdurl@1.0.2': {}

  zenn-cli@0.1.159: {}
