lockfileVersion: '6.0'

dependencies:
  '@types/markdown-it':
    specifier: ^12.2.3
    version: 12.2.3

devDependencies:
  zenn-cli:
    specifier: ^0.1.143
    version: 0.1.143

packages:

  /@types/linkify-it@3.0.2:
    resolution: {integrity: sha512-HZQYqbiFVWufzCwexrvh694SOim8z2d+xJl5UNamcvQFejLY/2YUtzXHYi3cHdI7PMlS8ejH2slRAOJQ32aNbA==}
    dev: false

  /@types/markdown-it@12.2.3:
    resolution: {integrity: sha512-GKMHFfv3458yYy+v/N8gjufHO6MSZKCOXpZc5GXIWWy8uldwfmPn98vp81gZ5f9SVw8YYBctgfJ22a2d7AOMeQ==}
    dependencies:
      '@types/linkify-it': 3.0.2
      '@types/mdurl': 1.0.2
    dev: false

  /@types/mdurl@1.0.2:
    resolution: {integrity: sha512-eC4U9MlIcu2q0KQmXszyn5Akca/0jrQmwDRgpAMJai7qBWq4amIQhZyNau4VYGtCeALvW1/NtjzJJ567aZxfKA==}
    dev: false

  /zenn-cli@0.1.143:
    resolution: {integrity: sha512-LW11tcLK4yLIW32NiVAHXgb5hOzRaClNag4/hhOXSFZ0IroF7XLgBN/IgbLk9sz8fX3XjhgptX8mDJC50JxBDA==}
    engines: {node: '>=14.0.0'}
    hasBin: true
    dev: true
